
Microsoft Visual Studio Solution File, Format Version 12.00
# Visual Studio Version 16
VisualStudioVersion = 16.0.30114.105
MinimumVisualStudioVersion = 10.0.40219.1
Project("{F2A71F9B-5D33-465A-A702-920D77279786}") = "Giraffe.Python", "src\Giraffe.Python.fsproj", "{6E973C60-9714-4F0D-A65B-60AB3DF3FADC}"
EndProject
Project("{F2A71F9B-5D33-465A-A702-920D77279786}") = "Giraffe.Tests", "test\Giraffe.Tests.fsproj", "{D56D8E48-E02C-479D-A1F8-57352E3BD8AB}"
EndProject
Global
	GlobalSection(SolutionConfigurationPlatforms) = preSolution
		Debug|Any CPU = Debug|Any CPU
		Release|Any CPU = Release|Any CPU
	EndGlobalSection
	GlobalSection(SolutionProperties) = preSolution
		HideSolutionNode = FALSE
	EndGlobalSection
	GlobalSection(ProjectConfigurationPlatforms) = postSolution
		{6E973C60-9714-4F0D-A65B-60AB3DF3FADC}.Debug|Any CPU.ActiveCfg = Debug|Any CPU
		{6E973C60-9714-4F0D-A65B-60AB3DF3FADC}.Debug|Any CPU.Build.0 = Debug|Any CPU
		{6E973C60-9714-4F0D-A65B-60AB3DF3FADC}.Release|Any CPU.ActiveCfg = Release|Any CPU
		{6E973C60-9714-4F0D-A65B-60AB3DF3FADC}.Release|Any CPU.Build.0 = Release|Any CPU
		{D56D8E48-E02C-479D-A1F8-57352E3BD8AB}.Debug|Any CPU.ActiveCfg = Debug|Any CPU
		{D56D8E48-E02C-479D-A1F8-57352E3BD8AB}.Debug|Any CPU.Build.0 = Debug|Any CPU
		{D56D8E48-E02C-479D-A1F8-57352E3BD8AB}.Release|Any CPU.ActiveCfg = Release|Any CPU
		{D56D8E48-E02C-479D-A1F8-57352E3BD8AB}.Release|Any CPU.Build.0 = Release|Any CPU
	EndGlobalSection
EndGlobal
