
Microsoft Visual Studio Solution File, Format Version 12.00
# Visual Studio Version 16
VisualStudioVersion = 16.0.30114.105
MinimumVisualStudioVersion = 10.0.40219.1
Project("{F2A71F9B-5D33-465A-A702-920D77279786}") = "Fable.Python", "src\Fable.Python.fsproj", "{BE5BEBAC-1EBB-4ACF-A3AA-013834CAC95F}"
EndProject
Project("{F2A71F9B-5D33-465A-A702-920D77279786}") = "Fable.Python.Test", "test\Fable.Python.Test.fsproj", "{B449F60F-C422-40EE-A734-90A1E3084150}"
EndProject
Project("{F2A71F9B-5D33-465A-A702-920D77279786}") = "Build", "Build.fsproj", "{492ED4DE-E609-469A-AAAF-8800AB86C224}"
EndProject
Global
	GlobalSection(SolutionConfigurationPlatforms) = preSolution
		Debug|Any CPU = Debug|Any CPU
		Debug|x64 = Debug|x64
		Debug|x86 = Debug|x86
		Release|Any CPU = Release|Any CPU
		Release|x64 = Release|x64
		Release|x86 = Release|x86
	EndGlobalSection
	GlobalSection(SolutionProperties) = preSolution
		HideSolutionNode = FALSE
	EndGlobalSection
	GlobalSection(ProjectConfigurationPlatforms) = postSolution
		{BE5BEBAC-1EBB-4ACF-A3AA-013834CAC95F}.Debug|Any CPU.ActiveCfg = Debug|Any CPU
		{BE5BEBAC-1EBB-4ACF-A3AA-013834CAC95F}.Debug|Any CPU.Build.0 = Debug|Any CPU
		{BE5BEBAC-1EBB-4ACF-A3AA-013834CAC95F}.Debug|x64.ActiveCfg = Debug|Any CPU
		{BE5BEBAC-1EBB-4ACF-A3AA-013834CAC95F}.Debug|x64.Build.0 = Debug|Any CPU
		{BE5BEBAC-1EBB-4ACF-A3AA-013834CAC95F}.Debug|x86.ActiveCfg = Debug|Any CPU
		{BE5BEBAC-1EBB-4ACF-A3AA-013834CAC95F}.Debug|x86.Build.0 = Debug|Any CPU
		{BE5BEBAC-1EBB-4ACF-A3AA-013834CAC95F}.Release|Any CPU.ActiveCfg = Release|Any CPU
		{BE5BEBAC-1EBB-4ACF-A3AA-013834CAC95F}.Release|Any CPU.Build.0 = Release|Any CPU
		{BE5BEBAC-1EBB-4ACF-A3AA-013834CAC95F}.Release|x64.ActiveCfg = Release|Any CPU
		{BE5BEBAC-1EBB-4ACF-A3AA-013834CAC95F}.Release|x64.Build.0 = Release|Any CPU
		{BE5BEBAC-1EBB-4ACF-A3AA-013834CAC95F}.Release|x86.ActiveCfg = Release|Any CPU
		{BE5BEBAC-1EBB-4ACF-A3AA-013834CAC95F}.Release|x86.Build.0 = Release|Any CPU
		{B449F60F-C422-40EE-A734-90A1E3084150}.Debug|Any CPU.ActiveCfg = Debug|Any CPU
		{B449F60F-C422-40EE-A734-90A1E3084150}.Debug|Any CPU.Build.0 = Debug|Any CPU
		{B449F60F-C422-40EE-A734-90A1E3084150}.Debug|x64.ActiveCfg = Debug|Any CPU
		{B449F60F-C422-40EE-A734-90A1E3084150}.Debug|x64.Build.0 = Debug|Any CPU
		{B449F60F-C422-40EE-A734-90A1E3084150}.Debug|x86.ActiveCfg = Debug|Any CPU
		{B449F60F-C422-40EE-A734-90A1E3084150}.Debug|x86.Build.0 = Debug|Any CPU
		{B449F60F-C422-40EE-A734-90A1E3084150}.Release|Any CPU.ActiveCfg = Release|Any CPU
		{B449F60F-C422-40EE-A734-90A1E3084150}.Release|Any CPU.Build.0 = Release|Any CPU
		{B449F60F-C422-40EE-A734-90A1E3084150}.Release|x64.ActiveCfg = Release|Any CPU
		{B449F60F-C422-40EE-A734-90A1E3084150}.Release|x64.Build.0 = Release|Any CPU
		{B449F60F-C422-40EE-A734-90A1E3084150}.Release|x86.ActiveCfg = Release|Any CPU
		{B449F60F-C422-40EE-A734-90A1E3084150}.Release|x86.Build.0 = Release|Any CPU
		{492ED4DE-E609-469A-AAAF-8800AB86C224}.Debug|Any CPU.ActiveCfg = Debug|Any CPU
		{492ED4DE-E609-469A-AAAF-8800AB86C224}.Debug|Any CPU.Build.0 = Debug|Any CPU
		{492ED4DE-E609-469A-AAAF-8800AB86C224}.Debug|x64.ActiveCfg = Debug|Any CPU
		{492ED4DE-E609-469A-AAAF-8800AB86C224}.Debug|x64.Build.0 = Debug|Any CPU
		{492ED4DE-E609-469A-AAAF-8800AB86C224}.Debug|x86.ActiveCfg = Debug|Any CPU
		{492ED4DE-E609-469A-AAAF-8800AB86C224}.Debug|x86.Build.0 = Debug|Any CPU
		{492ED4DE-E609-469A-AAAF-8800AB86C224}.Release|Any CPU.ActiveCfg = Release|Any CPU
		{492ED4DE-E609-469A-AAAF-8800AB86C224}.Release|Any CPU.Build.0 = Release|Any CPU
		{492ED4DE-E609-469A-AAAF-8800AB86C224}.Release|x64.ActiveCfg = Release|Any CPU
		{492ED4DE-E609-469A-AAAF-8800AB86C224}.Release|x64.Build.0 = Release|Any CPU
		{492ED4DE-E609-469A-AAAF-8800AB86C224}.Release|x86.ActiveCfg = Release|Any CPU
		{492ED4DE-E609-469A-AAAF-8800AB86C224}.Release|x86.Build.0 = Release|Any CPU
	EndGlobalSection
EndGlobal
