version = 1
revision = 3
requires-python = ">=3.12, <4"

[[package]]
name = "colorama"
version = "0.4.6"
source = { registry = "https://pypi.org/simple" }
sdist = { url = "https://files.pythonhosted.org/packages/d8/53/6f443c9a4a8358a93a6792e2acffb9d9d5cb0a5cfd8802644b7b1c9a02e4/colorama-0.4.6.tar.gz", hash = "sha256:08695f5cb7ed6e0531a20572697297273c47b8cae5a63ffc6d6ed5c201be6e44", size = 27697, upload-time = "2022-10-25T02:36:22.414Z" }
wheels = [
    { url = "https://files.pythonhosted.org/packages/d1/d6/3965ed04c63042e047cb6a3e6ed1a63a35087b6a609aa3a15ed8ac56c221/colorama-0.4.6-py2.py3-none-any.whl", hash = "sha256:4f1d9991f5acc0ca119f9d443620b77f9d6b33703e51011c16baf57afb285fc6", size = 25335, upload-time = "2022-10-25T02:36:20.889Z" },
]

[[package]]
name = "fable-library"
version = "5.0.0a19"
source = { registry = "https://pypi.org/simple" }
sdist = { url = "https://files.pythonhosted.org/packages/97/7f/1ebc25fa1671023849dbae36d89c1841b0e536409e7a5b828de57bc402ab/fable_library-5.0.0a19.tar.gz", hash = "sha256:ef4c8121e0341b7964f9cf5c06d187944c5f43202438daa5c0ddbe9b426d76ed", size = 197645, upload-time = "2025-12-04T14:04:39.047Z" }
wheels = [
    { url = "https://files.pythonhosted.org/packages/a7/6f/e500cb475edac348fc2a9b86d45ba62a2f9aa3167a53d4ca4a1f0a08f0e2/fable_library-5.0.0a19-cp312-cp312-macosx_10_12_x86_64.whl", hash = "sha256:73b4a4f71f0f072ca704c086bc410f298f4e7fc36f8c97d8024cc63f2c061cad", size = 1703907, upload-time = "2025-12-04T14:03:37.223Z" },
    { url = "https://files.pythonhosted.org/packages/4f/9a/77557354701bc4a915a26ca53530dc2532536c9edb336ec718d42c38df71/fable_library-5.0.0a19-cp312-cp312-macosx_11_0_arm64.whl", hash = "sha256:f85a35def4ef11767dc77dea608da37e5440cbf3687535a6b555a1044dfbdc5c", size = 1613193, upload-time = "2025-12-04T14:03:29.4Z" },
    { url = "https://files.pythonhosted.org/packages/fc/1b/a57e9ba0aaaf74c72da6140621a6905e7fabbfca58c6e9ddf2fcc2b860d7/fable_library-5.0.0a19-cp312-cp312-manylinux_2_17_aarch64.manylinux2014_aarch64.whl", hash = "sha256:5c74899a70eddcc7a6a301a97909b932274a97155a93c2d7c985e4b21cfdc3fb", size = 1695597, upload-time = "2025-12-04T14:02:12.115Z" },
    { url = "https://files.pythonhosted.org/packages/5b/76/9265085f3ac2f7aa42847f8a0a5cdad8ef3f6ab98fbf395598a6906ac6f4/fable_library-5.0.0a19-cp312-cp312-manylinux_2_17_armv7l.manylinux2014_armv7l.whl", hash = "sha256:73d83aa075ee56154fa8a2b2670bad3de56f630930dc0ce6008587f20b0d9b7d", size = 1660272, upload-time = "2025-12-04T14:02:25.778Z" },
    { url = "https://files.pythonhosted.org/packages/39/e4/104b9677469ae8e88b0f400a01317c2b77caf735db76c4d474c9819e0b21/fable_library-5.0.0a19-cp312-cp312-manylinux_2_17_ppc64le.manylinux2014_ppc64le.whl", hash = "sha256:7f4a0422b48c77ed6476ac77f71bbbc7dafef09991b9af97b7c79b2047d79fae", size = 1868741, upload-time = "2025-12-04T14:02:40.496Z" },
    { url = "https://files.pythonhosted.org/packages/0a/2d/d4e64c8c3ab74238dde232839f9fb187c19817414ca58051b585947d66a9/fable_library-5.0.0a19-cp312-cp312-manylinux_2_17_s390x.manylinux2014_s390x.whl", hash = "sha256:fd2c97661502dccfe97fce8f1be77660b4f8dac44bac1fbd3006e4701f543b77", size = 1804624, upload-time = "2025-12-04T14:02:55.735Z" },
    { url = "https://files.pythonhosted.org/packages/55/a2/cde0c49f412118e1b7aa5480b2f10b033c38dde745af1758c04e2879575a/fable_library-5.0.0a19-cp312-cp312-manylinux_2_17_x86_64.manylinux2014_x86_64.whl", hash = "sha256:3982e8f2a7aa413f6ce207064a10d17d0df18413ff8ac6ba20f22ca600fc9f78", size = 1708548, upload-time = "2025-12-04T14:03:20.478Z" },
    { url = "https://files.pythonhosted.org/packages/ab/8e/533222393aa1cc5865f71a4a0f8c7da5024165e1d633ccb55f7fde534800/fable_library-5.0.0a19-cp312-cp312-manylinux_2_5_i686.manylinux1_i686.whl", hash = "sha256:415e53775943449ab677d364714e516f3bbaab4839180850bd6ea2f4cdf62166", size = 1809823, upload-time = "2025-12-04T14:03:10.191Z" },
    { url = "https://files.pythonhosted.org/packages/b8/70/bd8363576c14373b5f7636d9db6054dc66cbded6d51c8afeed39c0933eb1/fable_library-5.0.0a19-cp312-cp312-musllinux_1_2_aarch64.whl", hash = "sha256:01815fd9203792c69d88c813a374edd2ad3c13bd7869b8f4983779f2d1a5b7bb", size = 1878748, upload-time = "2025-12-04T14:03:45.581Z" },
    { url = "https://files.pythonhosted.org/packages/8a/10/b0b75a694076c10044c8244b1b61f5de0e954c27e203709c82dbde5e0be5/fable_library-5.0.0a19-cp312-cp312-musllinux_1_2_armv7l.whl", hash = "sha256:b071e05c6f45c628f75903331dd28a1c9018c76522bb721520538423b97f03d2", size = 1928461, upload-time = "2025-12-04T14:04:00.048Z" },
    { url = "https://files.pythonhosted.org/packages/d0/d0/4b6b85e2c9ddb23400f1258b31316343d76e2096deb1db0def86c23f5ef8/fable_library-5.0.0a19-cp312-cp312-musllinux_1_2_i686.whl", hash = "sha256:ca5a8cf646541d3a8004a8fff69c070483cc2064d63ae002226073c853295d4d", size = 1928629, upload-time = "2025-12-04T14:04:15.079Z" },
    { url = "https://files.pythonhosted.org/packages/9c/28/2628f36c38925aca14edeaa65528b05f94e150b7ce8d22d8a5770d5bd763/fable_library-5.0.0a19-cp312-cp312-musllinux_1_2_x86_64.whl", hash = "sha256:c131aa40dd93b82411eed2ecf6cd7aac9bc243a72dfc6787d826b09e7a9eaed0", size = 1929479, upload-time = "2025-12-04T14:04:28.76Z" },
    { url = "https://files.pythonhosted.org/packages/d9/86/bb6f863f29606ff0ad5fe834a108a49109d5813c7501bffd3d1dc9e853a3/fable_library-5.0.0a19-cp312-cp312-win_amd64.whl", hash = "sha256:f268673abb5a49985b06425a3d7aed2cf904eff168578b78b514b6352841ee70", size = 1428486, upload-time = "2025-12-04T14:04:43.789Z" },
    { url = "https://files.pythonhosted.org/packages/2e/d3/30faf810ffaf8d37556073f75a69bef6d2ee6c43f2dcc19589bf3ea404ec/fable_library-5.0.0a19-cp313-cp313-macosx_10_12_x86_64.whl", hash = "sha256:d36278acdef9def856ae58b7888891d8a1361615e51e068f575d66aff1abcb18", size = 1703881, upload-time = "2025-12-04T14:03:38.937Z" },
    { url = "https://files.pythonhosted.org/packages/66/51/97551166961748b0fa27c7f8dcccab86776c3c4db1865bc42177d2850a23/fable_library-5.0.0a19-cp313-cp313-macosx_11_0_arm64.whl", hash = "sha256:b8e64c4546b693d27bfed508dc233b23505d648de26da987f6e43ec795cb4b3b", size = 1613333, upload-time = "2025-12-04T14:03:31.569Z" },
    { url = "https://files.pythonhosted.org/packages/1e/01/356ad5175061fe2d1d612d92aeaeb465166296f4b73de0105daf7239abdd/fable_library-5.0.0a19-cp313-cp313-manylinux_2_17_aarch64.manylinux2014_aarch64.whl", hash = "sha256:0e5d7ba39f95e8b99d51ad264bfd35596d70134a4f12a359bd924ae570f76125", size = 1694550, upload-time = "2025-12-04T14:02:13.646Z" },
    { url = "https://files.pythonhosted.org/packages/cb/0e/d01ca289eb5ea98531559a0806e8229ca71cfe2d612f1ece2d4d3eac7637/fable_library-5.0.0a19-cp313-cp313-manylinux_2_17_armv7l.manylinux2014_armv7l.whl", hash = "sha256:3eda72ccf0234e20e44d0cb19172e12582a6f2aa93beb80c5d1fc5aec4a9bce6", size = 1659941, upload-time = "2025-12-04T14:02:27.326Z" },
    { url = "https://files.pythonhosted.org/packages/dd/68/0f74710d7b1aea60b542c97656f6817ded67ec0b49b447703ae896fd8f49/fable_library-5.0.0a19-cp313-cp313-manylinux_2_17_ppc64le.manylinux2014_ppc64le.whl", hash = "sha256:9853995c585ac4ff46b4cc3a8913ee69804b8f23408da4453569c5d76ff351cf", size = 1867344, upload-time = "2025-12-04T14:02:42.333Z" },
    { url = "https://files.pythonhosted.org/packages/d6/85/8cc64897e11c781540770b57b78ccd20142a6405e6891dc5b5d8cfba5213/fable_library-5.0.0a19-cp313-cp313-manylinux_2_17_s390x.manylinux2014_s390x.whl", hash = "sha256:55bc4eb01715e0a913e98226359a6e6a9c0853035a32ab97316b657235c021b4", size = 1804434, upload-time = "2025-12-04T14:02:57.308Z" },
    { url = "https://files.pythonhosted.org/packages/aa/8c/64616e617a780a5b9bea55f1d6145e0ef4dfe51491287791160ed7a71e92/fable_library-5.0.0a19-cp313-cp313-manylinux_2_17_x86_64.manylinux2014_x86_64.whl", hash = "sha256:d844a453477054d1372c76a5b59c6a39fea0544ed5b3c1b5c23054d4aeb93072", size = 1708194, upload-time = "2025-12-04T14:03:22.117Z" },
    { url = "https://files.pythonhosted.org/packages/14/35/51879ba68b5ec4113a2caa349f9039f383c0966be785bb031a7611118171/fable_library-5.0.0a19-cp313-cp313-manylinux_2_5_i686.manylinux1_i686.whl", hash = "sha256:931498c555953057686df17e25563fd42e09c210233ef9d0d240514fd45a46eb", size = 1810254, upload-time = "2025-12-04T14:03:11.88Z" },
    { url = "https://files.pythonhosted.org/packages/18/6f/294cd418d401d7d59d08a1267cf1052cb8c846d8955fc07d063e173fc6cf/fable_library-5.0.0a19-cp313-cp313-musllinux_1_2_aarch64.whl", hash = "sha256:82bb46d762b00de46ad00777106474ddcada29e3298d3415084d391de2e2fe47", size = 1877994, upload-time = "2025-12-04T14:03:47.526Z" },
    { url = "https://files.pythonhosted.org/packages/1f/3c/f3fd336d7e16ee3ce8460b86dba28a635c614949306df22bffa5b56150ab/fable_library-5.0.0a19-cp313-cp313-musllinux_1_2_armv7l.whl", hash = "sha256:1946427f7c761600bedaa45bb9aa30e067ce35518e265a1e353bfdbc592e64e9", size = 1928779, upload-time = "2025-12-04T14:04:01.81Z" },
    { url = "https://files.pythonhosted.org/packages/b5/33/edf22062142d8060d232f9aabf0d2147480ee41a2f944691e3a240826819/fable_library-5.0.0a19-cp313-cp313-musllinux_1_2_i686.whl", hash = "sha256:3fbd9b4a9489407fc7a79035e62c666e1bbea959cfbb597df6e8dcdcb45e5e66", size = 1928510, upload-time = "2025-12-04T14:04:16.989Z" },
    { url = "https://files.pythonhosted.org/packages/04/01/738c3ba6209142952bc4448503d65a57cc996a1d95d432057eba6412c64d/fable_library-5.0.0a19-cp313-cp313-musllinux_1_2_x86_64.whl", hash = "sha256:96e866c19baf82941c9cf663c515cd39b7e9bec5ec9c3813ca32a3fea4e29c6d", size = 1928622, upload-time = "2025-12-04T14:04:30.611Z" },
    { url = "https://files.pythonhosted.org/packages/61/33/f50437d16561314e5980407e84315001dd2ef96c6b0acb46052b56335ca3/fable_library-5.0.0a19-cp313-cp313-win_amd64.whl", hash = "sha256:b2d401917b916ddbcb981d99c9c83bda6522585c4a65354c05f6422ca9f72faa", size = 1428443, upload-time = "2025-12-04T14:04:45.418Z" },
    { url = "https://files.pythonhosted.org/packages/11/2d/8f5bd8f0005e6682af0fa9aad8e8a3021f34ff34e57cf1a21e9dbce6dc4b/fable_library-5.0.0a19-cp313-cp313t-manylinux_2_17_aarch64.manylinux2014_aarch64.whl", hash = "sha256:e78b2a6d9b9f96ed032ad13757ee4eb6e28628aa8470937ed5ebd19fa049149d", size = 1718289, upload-time = "2025-12-04T14:02:15.57Z" },
    { url = "https://files.pythonhosted.org/packages/9f/fc/4b37cd04e8dbf04315ac6d8295df73919968bbbc773e21eb8e3ef2be4030/fable_library-5.0.0a19-cp313-cp313t-manylinux_2_17_armv7l.manylinux2014_armv7l.whl", hash = "sha256:1f699df3186746801471fc20b71a447038d073f296b713919493c690e55906a8", size = 1695135, upload-time = "2025-12-04T14:02:29.829Z" },
    { url = "https://files.pythonhosted.org/packages/d8/52/fd4eae357ff2114e95392672f4deb80839597c207bdf6996ec10f566cb28/fable_library-5.0.0a19-cp313-cp313t-manylinux_2_17_ppc64le.manylinux2014_ppc64le.whl", hash = "sha256:7d4a31fc7714394ca96126c98d971365dee4cdf3e30034cc9fd4e0ba09da6435", size = 1903147, upload-time = "2025-12-04T14:02:44.566Z" },
    { url = "https://files.pythonhosted.org/packages/78/35/832f8ca4a4595dde8e6566c25137b314f8a53d1c0539d05aaab218d36453/fable_library-5.0.0a19-cp313-cp313t-manylinux_2_17_s390x.manylinux2014_s390x.whl", hash = "sha256:026fcf2d465025c73957c163b0039f1d16a891d64144af635c268d78dd6cabd6", size = 1831682, upload-time = "2025-12-04T14:02:59.259Z" },
    { url = "https://files.pythonhosted.org/packages/2e/24/d11cdb7443cf54a81246aab24df06b25a2403c9bfb16e8f63802e89d591c/fable_library-5.0.0a19-cp313-cp313t-musllinux_1_2_aarch64.whl", hash = "sha256:468280c7c0945bb43cfe80db1e53c5978b8b4d9c8081b5edabf2089ed5d0fa90", size = 1899774, upload-time = "2025-12-04T14:03:49.285Z" },
    { url = "https://files.pythonhosted.org/packages/46/84/edd59317900dcda4f3158fb169b9dc2f7158e0b4049c2b2d8568ddf464ac/fable_library-5.0.0a19-cp313-cp313t-musllinux_1_2_armv7l.whl", hash = "sha256:4dbc684eeefed6ae87ca30eb2e86457181a4d6f317eca9532af7cbc522bf22a0", size = 1963581, upload-time = "2025-12-04T14:04:03.829Z" },
    { url = "https://files.pythonhosted.org/packages/02/2b/a9ad786b9b136c357d29a2aef64cedb20df308b5fbd568249021ee804e00/fable_library-5.0.0a19-cp313-cp313t-musllinux_1_2_i686.whl", hash = "sha256:12bb99a40784109a0b3cfd1612253995cee4e0d53ea4798e0465cee9624f6de4", size = 1956479, upload-time = "2025-12-04T14:04:18.722Z" },
    { url = "https://files.pythonhosted.org/packages/fb/6c/4042727b2f67da2da1516b6a5b30a50bd0d305f0959ea337c9bf680284f7/fable_library-5.0.0a19-cp313-cp313t-musllinux_1_2_x86_64.whl", hash = "sha256:f5cc15baeb3066db0e9dfa461385f82ed84d11dc6afb8820763da41d9c893b77", size = 1961726, upload-time = "2025-12-04T14:04:32.234Z" },
    { url = "https://files.pythonhosted.org/packages/19/3b/276bb7936ecf048feaa9051442073755e1e662649ab26ea533983cdd8daa/fable_library-5.0.0a19-cp314-cp314-macosx_10_12_x86_64.whl", hash = "sha256:965c2b7938befbc7667ef81b83d1961be7ba834cd32158bf21abb996e90421eb", size = 1690083, upload-time = "2025-12-04T14:03:40.496Z" },
    { url = "https://files.pythonhosted.org/packages/0f/15/bcf35fa75b12c81178cee8292d5c9bc83de0e4235fa4f543e742e4f11cd1/fable_library-5.0.0a19-cp314-cp314-macosx_11_0_arm64.whl", hash = "sha256:efa54ca4da35745007d886627065973e8e4ddeee063b5b7fa236c68509679e8e", size = 1602281, upload-time = "2025-12-04T14:03:33.51Z" },
    { url = "https://files.pythonhosted.org/packages/bd/91/0efb4c74bef832e99fea462bdfdb463fbdd16cb860ac32a2b4f07d855e90/fable_library-5.0.0a19-cp314-cp314-manylinux_2_17_aarch64.manylinux2014_aarch64.whl", hash = "sha256:6987c1555e20203dc8ca04550ab0c3c21afc86b270861df0b7df345d8e96e384", size = 1687245, upload-time = "2025-12-04T14:02:17.367Z" },
    { url = "https://files.pythonhosted.org/packages/97/96/5d84f987ce3e5fabae866bf4cde2d5d9a23db0b7e850c9d1ef1708e009a4/fable_library-5.0.0a19-cp314-cp314-manylinux_2_17_armv7l.manylinux2014_armv7l.whl", hash = "sha256:d819b3fd2e8fbbcab4a7d20238298d1734767576b5ec5f5958089b25ee8b7142", size = 1650942, upload-time = "2025-12-04T14:02:31.547Z" },
    { url = "https://files.pythonhosted.org/packages/39/2b/106c62b196acbcce75e6457d0f415c4e9732690a47da9104b856512edd6d/fable_library-5.0.0a19-cp314-cp314-manylinux_2_17_ppc64le.manylinux2014_ppc64le.whl", hash = "sha256:a34b9afea1e37aad50eaf0a07fabfa75f493845df5957e4e252cdca08aef713f", size = 1869415, upload-time = "2025-12-04T14:02:46.165Z" },
    { url = "https://files.pythonhosted.org/packages/69/06/ac5147106b4d088178ffd62eee240b2084a0839351155c977bea2da2fd2f/fable_library-5.0.0a19-cp314-cp314-manylinux_2_17_s390x.manylinux2014_s390x.whl", hash = "sha256:f6e39832a9036718e6b7e2fdf797952402aea6e6d94e8416110e045d6ae113dd", size = 1792375, upload-time = "2025-12-04T14:03:00.895Z" },
    { url = "https://files.pythonhosted.org/packages/f6/54/d52a5cfa7bad00e716508a3e1a79a4489c87475ec1e05a041b3702c47b90/fable_library-5.0.0a19-cp314-cp314-manylinux_2_17_x86_64.manylinux2014_x86_64.whl", hash = "sha256:6cba37b320501f6533e3bb4af01eba91e80999b6c852fb58a297ed6cb632ddb9", size = 1700458, upload-time = "2025-12-04T14:03:23.767Z" },
    { url = "https://files.pythonhosted.org/packages/24/64/16cad39450807b62f738c61d6a966727aa3a28758f06718a2cd666707329/fable_library-5.0.0a19-cp314-cp314-manylinux_2_5_i686.manylinux1_i686.whl", hash = "sha256:d915c28f5d226ce2335bc2e8c2158849d80cb86e5da8801f6bf3dd86ef027202", size = 1800572, upload-time = "2025-12-04T14:03:13.686Z" },
    { url = "https://files.pythonhosted.org/packages/57/4d/ef876ff7343a5b87e63ad5556c185cdbdc4801a5b691bc2aefd8f78dc231/fable_library-5.0.0a19-cp314-cp314-musllinux_1_2_aarch64.whl", hash = "sha256:95a13c9cc9569489a4cc5f8afde192d494ceb59a70aa83f35daf38ae7e07387c", size = 1869887, upload-time = "2025-12-04T14:03:51.264Z" },
    { url = "https://files.pythonhosted.org/packages/4b/f8/7bc40348beb54197f85f7431ab74a1147343d9cf9b19c04c627ce7c9a9b6/fable_library-5.0.0a19-cp314-cp314-musllinux_1_2_armv7l.whl", hash = "sha256:85219d6a6d98f7a223be3e84837ba6c579da98f9828e74af3492426fa5da1d88", size = 1918983, upload-time = "2025-12-04T14:04:05.649Z" },
    { url = "https://files.pythonhosted.org/packages/59/ef/b97c22cff921d2e62746a6293a7ab5171a05baaadec6871e4d9f45567b3e/fable_library-5.0.0a19-cp314-cp314-musllinux_1_2_i686.whl", hash = "sha256:e0aa1b3321c5603de57550294bfb3741068df46a760af84aeaa050b2149fab15", size = 1920013, upload-time = "2025-12-04T14:04:20.436Z" },
    { url = "https://files.pythonhosted.org/packages/bc/b5/318aaa7a471e6f5f541e5a30e774a6a207a09e9da5d192161661a7365788/fable_library-5.0.0a19-cp314-cp314-musllinux_1_2_x86_64.whl", hash = "sha256:05b240a1f5df7c40fa77807eb3c955adf9ca33f78fd66dc78c60c979ec6c1977", size = 1919456, upload-time = "2025-12-04T14:04:33.854Z" },
    { url = "https://files.pythonhosted.org/packages/2c/9d/49a43f6e929fd16b5bfe62ed142d754788e4fb0302f8835b5e7e91886db4/fable_library-5.0.0a19-cp314-cp314-win32.whl", hash = "sha256:1613ef1f2c7214b8f5a2d77291cfb4e5b9f4ba04c48f783da3c0bc7cd3013d14", size = 1292071, upload-time = "2025-12-04T14:04:48.701Z" },
    { url = "https://files.pythonhosted.org/packages/08/68/eba195b77db8965fdffb3ee1c4804365789ce20b85768f816c6d1d1383fb/fable_library-5.0.0a19-cp314-cp314-win_amd64.whl", hash = "sha256:cabe985382c990fd74eed23ec0e6e0b6517b583e77336dd85e1bc3e38295af00", size = 1416575, upload-time = "2025-12-04T14:04:47.039Z" },
    { url = "https://files.pythonhosted.org/packages/41/5e/d7b6283abd4415e46ce34772470e6f01a3476334bfe7b93cf8370ce57341/fable_library-5.0.0a19-cp314-cp314t-manylinux_2_17_aarch64.manylinux2014_aarch64.whl", hash = "sha256:a4d29ed081e9c2fafc7ae3d8dbfee4a197e824e793d501964a163cd3e743c59e", size = 1724073, upload-time = "2025-12-04T14:02:19.17Z" },
    { url = "https://files.pythonhosted.org/packages/bb/56/251e906ec2933d36fef007f26664746194469f82cc889e000c665419cf9a/fable_library-5.0.0a19-cp314-cp314t-manylinux_2_17_armv7l.manylinux2014_armv7l.whl", hash = "sha256:dbd6101cc95c58510a29b81af8cc3a9cb0ee9bb0febeba4a1e0e1e900cda5129", size = 1701101, upload-time = "2025-12-04T14:02:33.5Z" },
    { url = "https://files.pythonhosted.org/packages/c5/de/ca2f2d641ed105dd4580d9ff0c808720b042a99406d97c1d0fa4860c4e37/fable_library-5.0.0a19-cp314-cp314t-manylinux_2_17_ppc64le.manylinux2014_ppc64le.whl", hash = "sha256:2fdc9296822d7bfee2df3ebbe24658704fc9b961996c89c04ad9307b252d60cd", size = 1905455, upload-time = "2025-12-04T14:02:48.277Z" },
    { url = "https://files.pythonhosted.org/packages/c3/73/c2f9d0db5b37616ad1bb016a84e7a993e2c45ca751934953b1bf4100a20e/fable_library-5.0.0a19-cp314-cp314t-manylinux_2_17_s390x.manylinux2014_s390x.whl", hash = "sha256:992380e4fce1423083da10ba13a690c567c0efbb06993ebca7ea3edce2c32458", size = 1834626, upload-time = "2025-12-04T14:03:02.467Z" },
    { url = "https://files.pythonhosted.org/packages/53/11/9730df536d53502a6afcbfd06c55bd949dfc6824ff6102e0d39da3426d3d/fable_library-5.0.0a19-cp314-cp314t-musllinux_1_2_aarch64.whl", hash = "sha256:492d08efd49617235847b1618d67e0cd6a3f391d895006ee10d26f59287bbadb", size = 1906444, upload-time = "2025-12-04T14:03:53.545Z" },
    { url = "https://files.pythonhosted.org/packages/f5/90/d627176cc4169bf58ff7f37d4167a6455695f93c89fd462730313be96d3e/fable_library-5.0.0a19-cp314-cp314t-musllinux_1_2_armv7l.whl", hash = "sha256:4fff0a0af399441332c769d330a6e1dc537b25778273a15a5c9fbda5ab9ae843", size = 1967474, upload-time = "2025-12-04T14:04:07.438Z" },
    { url = "https://files.pythonhosted.org/packages/46/5e/c41bc505997f8711d70af19b748eda2ec58f81e0ffcd2c17a967b1662868/fable_library-5.0.0a19-cp314-cp314t-musllinux_1_2_i686.whl", hash = "sha256:638a4c8e8c59291552715611da9e1669eb4350da2df3e06ae2287c04aa14546c", size = 1960509, upload-time = "2025-12-04T14:04:22.056Z" },
    { url = "https://files.pythonhosted.org/packages/24/85/8a6d96860bdc9424a1860dab385bab578ebc35e9feceee5d8262a9567baa/fable_library-5.0.0a19-cp314-cp314t-musllinux_1_2_x86_64.whl", hash = "sha256:5247b3e1833e874415d1073ea592d5f04f1d7bc7c3fcd74834df1d56376b87c8", size = 1966521, upload-time = "2025-12-04T14:04:35.469Z" },
]

[[package]]
name = "fable-python"
version = "5.0.0a11"
source = { virtual = "." }
dependencies = [
    { name = "fable-library" },
]

[package.dev-dependencies]
dev = [
    { name = "pytest" },
    { name = "ruff" },
]

[package.metadata]
requires-dist = [{ name = "fable-library", specifier = "==5.0.0a19" }]

[package.metadata.requires-dev]
dev = [
    { name = "pytest", specifier = ">=6.2.4,<10" },
    { name = "ruff", specifier = ">=0.14.0" },
]

[[package]]
name = "iniconfig"
version = "2.3.0"
source = { registry = "https://pypi.org/simple" }
sdist = { url = "https://files.pythonhosted.org/packages/72/34/14ca021ce8e5dfedc35312d08ba8bf51fdd999c576889fc2c24cb97f4f10/iniconfig-2.3.0.tar.gz", hash = "sha256:c76315c77db068650d49c5b56314774a7804df16fee4402c1f19d6d15d8c4730", size = 20503, upload-time = "2025-10-18T21:55:43.219Z" }
wheels = [
    { url = "https://files.pythonhosted.org/packages/cb/b1/3846dd7f199d53cb17f49cba7e651e9ce294d8497c8c150530ed11865bb8/iniconfig-2.3.0-py3-none-any.whl", hash = "sha256:f631c04d2c48c52b84d0d0549c99ff3859c98df65b3101406327ecc7d53fbf12", size = 7484, upload-time = "2025-10-18T21:55:41.639Z" },
]

[[package]]
name = "packaging"
version = "25.0"
source = { registry = "https://pypi.org/simple" }
sdist = { url = "https://files.pythonhosted.org/packages/a1/d4/1fc4078c65507b51b96ca8f8c3ba19e6a61c8253c72794544580a7b6c24d/packaging-25.0.tar.gz", hash = "sha256:d443872c98d677bf60f6a1f2f8c1cb748e8fe762d2bf9d3148b5599295b0fc4f", size = 165727, upload-time = "2025-04-19T11:48:59.673Z" }
wheels = [
    { url = "https://files.pythonhosted.org/packages/20/12/38679034af332785aac8774540895e234f4d07f7545804097de4b666afd8/packaging-25.0-py3-none-any.whl", hash = "sha256:29572ef2b1f17581046b3a2227d5c611fb25ec70ca1ba8554b24b0e69331a484", size = 66469, upload-time = "2025-04-19T11:48:57.875Z" },
]

[[package]]
name = "pluggy"
version = "1.6.0"
source = { registry = "https://pypi.org/simple" }
sdist = { url = "https://files.pythonhosted.org/packages/f9/e2/3e91f31a7d2b083fe6ef3fa267035b518369d9511ffab804f839851d2779/pluggy-1.6.0.tar.gz", hash = "sha256:7dcc130b76258d33b90f61b658791dede3486c3e6bfb003ee5c9bfb396dd22f3", size = 69412, upload-time = "2025-05-15T12:30:07.975Z" }
wheels = [
    { url = "https://files.pythonhosted.org/packages/54/20/4d324d65cc6d9205fabedc306948156824eb9f0ee1633355a8f7ec5c66bf/pluggy-1.6.0-py3-none-any.whl", hash = "sha256:e920276dd6813095e9377c0bc5566d94c932c33b27a3e3945d8389c374dd4746", size = 20538, upload-time = "2025-05-15T12:30:06.134Z" },
]

[[package]]
name = "pygments"
version = "2.19.2"
source = { registry = "https://pypi.org/simple" }
sdist = { url = "https://files.pythonhosted.org/packages/b0/77/a5b8c569bf593b0140bde72ea885a803b82086995367bf2037de0159d924/pygments-2.19.2.tar.gz", hash = "sha256:636cb2477cec7f8952536970bc533bc43743542f70392ae026374600add5b887", size = 4968631, upload-time = "2025-06-21T13:39:12.283Z" }
wheels = [
    { url = "https://files.pythonhosted.org/packages/c7/21/705964c7812476f378728bdf590ca4b771ec72385c533964653c68e86bdc/pygments-2.19.2-py3-none-any.whl", hash = "sha256:86540386c03d588bb81d44bc3928634ff26449851e99741617ecb9037ee5ec0b", size = 1225217, upload-time = "2025-06-21T13:39:07.939Z" },
]

[[package]]
name = "pytest"
version = "9.0.2"
source = { registry = "https://pypi.org/simple" }
dependencies = [
    { name = "colorama", marker = "sys_platform == 'win32'" },
    { name = "iniconfig" },
    { name = "packaging" },
    { name = "pluggy" },
    { name = "pygments" },
]
sdist = { url = "https://files.pythonhosted.org/packages/d1/db/7ef3487e0fb0049ddb5ce41d3a49c235bf9ad299b6a25d5780a89f19230f/pytest-9.0.2.tar.gz", hash = "sha256:75186651a92bd89611d1d9fc20f0b4345fd827c41ccd5c299a868a05d70edf11", size = 1568901, upload-time = "2025-12-06T21:30:51.014Z" }
wheels = [
    { url = "https://files.pythonhosted.org/packages/3b/ab/b3226f0bd7cdcf710fbede2b3548584366da3b19b5021e74f5bde2a8fa3f/pytest-9.0.2-py3-none-any.whl", hash = "sha256:711ffd45bf766d5264d487b917733b453d917afd2b0ad65223959f59089f875b", size = 374801, upload-time = "2025-12-06T21:30:49.154Z" },
]

[[package]]
name = "ruff"
version = "0.14.7"
source = { registry = "https://pypi.org/simple" }
sdist = { url = "https://files.pythonhosted.org/packages/b7/5b/dd7406afa6c95e3d8fa9d652b6d6dd17dd4a6bf63cb477014e8ccd3dcd46/ruff-0.14.7.tar.gz", hash = "sha256:3417deb75d23bd14a722b57b0a1435561db65f0ad97435b4cf9f85ffcef34ae5", size = 5727324, upload-time = "2025-11-28T20:55:10.525Z" }
wheels = [
    { url = "https://files.pythonhosted.org/packages/8c/b1/7ea5647aaf90106f6d102230e5df874613da43d1089864da1553b899ba5e/ruff-0.14.7-py3-none-linux_armv6l.whl", hash = "sha256:b9d5cb5a176c7236892ad7224bc1e63902e4842c460a0b5210701b13e3de4fca", size = 13414475, upload-time = "2025-11-28T20:54:54.569Z" },
    { url = "https://files.pythonhosted.org/packages/af/19/fddb4cd532299db9cdaf0efdc20f5c573ce9952a11cb532d3b859d6d9871/ruff-0.14.7-py3-none-macosx_10_12_x86_64.whl", hash = "sha256:3f64fe375aefaf36ca7d7250292141e39b4cea8250427482ae779a2aa5d90015", size = 13634613, upload-time = "2025-11-28T20:55:17.54Z" },
    { url = "https://files.pythonhosted.org/packages/40/2b/469a66e821d4f3de0440676ed3e04b8e2a1dc7575cf6fa3ba6d55e3c8557/ruff-0.14.7-py3-none-macosx_11_0_arm64.whl", hash = "sha256:93e83bd3a9e1a3bda64cb771c0d47cda0e0d148165013ae2d3554d718632d554", size = 12765458, upload-time = "2025-11-28T20:55:26.128Z" },
    { url = "https://files.pythonhosted.org/packages/f1/05/0b001f734fe550bcfde4ce845948ac620ff908ab7241a39a1b39bb3c5f49/ruff-0.14.7-py3-none-manylinux_2_17_aarch64.manylinux2014_aarch64.whl", hash = "sha256:3838948e3facc59a6070795de2ae16e5786861850f78d5914a03f12659e88f94", size = 13236412, upload-time = "2025-11-28T20:55:28.602Z" },
    { url = "https://files.pythonhosted.org/packages/11/36/8ed15d243f011b4e5da75cd56d6131c6766f55334d14ba31cce5461f28aa/ruff-0.14.7-py3-none-manylinux_2_17_armv7l.manylinux2014_armv7l.whl", hash = "sha256:24c8487194d38b6d71cd0fd17a5b6715cda29f59baca1defe1e3a03240f851d1", size = 13182949, upload-time = "2025-11-28T20:55:33.265Z" },
    { url = "https://files.pythonhosted.org/packages/3b/cf/fcb0b5a195455729834f2a6eadfe2e4519d8ca08c74f6d2b564a4f18f553/ruff-0.14.7-py3-none-manylinux_2_17_i686.manylinux2014_i686.whl", hash = "sha256:79c73db6833f058a4be8ffe4a0913b6d4ad41f6324745179bd2aa09275b01d0b", size = 13816470, upload-time = "2025-11-28T20:55:08.203Z" },
    { url = "https://files.pythonhosted.org/packages/7f/5d/34a4748577ff7a5ed2f2471456740f02e86d1568a18c9faccfc73bd9ca3f/ruff-0.14.7-py3-none-manylinux_2_17_ppc64.manylinux2014_ppc64.whl", hash = "sha256:12eb7014fccff10fc62d15c79d8a6be4d0c2d60fe3f8e4d169a0d2def75f5dad", size = 15289621, upload-time = "2025-11-28T20:55:30.837Z" },
    { url = "https://files.pythonhosted.org/packages/53/53/0a9385f047a858ba133d96f3f8e3c9c66a31cc7c4b445368ef88ebeac209/ruff-0.14.7-py3-none-manylinux_2_17_ppc64le.manylinux2014_ppc64le.whl", hash = "sha256:6c623bbdc902de7ff715a93fa3bb377a4e42dd696937bf95669118773dbf0c50", size = 14975817, upload-time = "2025-11-28T20:55:24.107Z" },
    { url = "https://files.pythonhosted.org/packages/a8/d7/2f1c32af54c3b46e7fadbf8006d8b9bcfbea535c316b0bd8813d6fb25e5d/ruff-0.14.7-py3-none-manylinux_2_17_s390x.manylinux2014_s390x.whl", hash = "sha256:f53accc02ed2d200fa621593cdb3c1ae06aa9b2c3cae70bc96f72f0000ae97a9", size = 14284549, upload-time = "2025-11-28T20:55:06.08Z" },
    { url = "https://files.pythonhosted.org/packages/92/05/434ddd86becd64629c25fb6b4ce7637dd52a45cc4a4415a3008fe61c27b9/ruff-0.14.7-py3-none-manylinux_2_17_x86_64.manylinux2014_x86_64.whl", hash = "sha256:281f0e61a23fcdcffca210591f0f53aafaa15f9025b5b3f9706879aaa8683bc4", size = 14071389, upload-time = "2025-11-28T20:55:35.617Z" },
    { url = "https://files.pythonhosted.org/packages/ff/50/fdf89d4d80f7f9d4f420d26089a79b3bb1538fe44586b148451bc2ba8d9c/ruff-0.14.7-py3-none-manylinux_2_31_riscv64.whl", hash = "sha256:dbbaa5e14148965b91cb090236931182ee522a5fac9bc5575bafc5c07b9f9682", size = 14202679, upload-time = "2025-11-28T20:55:01.472Z" },
    { url = "https://files.pythonhosted.org/packages/77/54/87b34988984555425ce967f08a36df0ebd339bb5d9d0e92a47e41151eafc/ruff-0.14.7-py3-none-musllinux_1_2_aarch64.whl", hash = "sha256:1464b6e54880c0fe2f2d6eaefb6db15373331414eddf89d6b903767ae2458143", size = 13147677, upload-time = "2025-11-28T20:55:19.933Z" },
    { url = "https://files.pythonhosted.org/packages/67/29/f55e4d44edfe053918a16a3299e758e1c18eef216b7a7092550d7a9ec51c/ruff-0.14.7-py3-none-musllinux_1_2_armv7l.whl", hash = "sha256:f217ed871e4621ea6128460df57b19ce0580606c23aeab50f5de425d05226784", size = 13151392, upload-time = "2025-11-28T20:55:21.967Z" },
    { url = "https://files.pythonhosted.org/packages/36/69/47aae6dbd4f1d9b4f7085f4d9dcc84e04561ee7ad067bf52e0f9b02e3209/ruff-0.14.7-py3-none-musllinux_1_2_i686.whl", hash = "sha256:6be02e849440ed3602d2eb478ff7ff07d53e3758f7948a2a598829660988619e", size = 13412230, upload-time = "2025-11-28T20:55:12.749Z" },
    { url = "https://files.pythonhosted.org/packages/b7/4b/6e96cb6ba297f2ba502a231cd732ed7c3de98b1a896671b932a5eefa3804/ruff-0.14.7-py3-none-musllinux_1_2_x86_64.whl", hash = "sha256:19a0f116ee5e2b468dfe80c41c84e2bbd6b74f7b719bee86c2ecde0a34563bcc", size = 14195397, upload-time = "2025-11-28T20:54:56.896Z" },
    { url = "https://files.pythonhosted.org/packages/69/82/251d5f1aa4dcad30aed491b4657cecd9fb4274214da6960ffec144c260f7/ruff-0.14.7-py3-none-win32.whl", hash = "sha256:e33052c9199b347c8937937163b9b149ef6ab2e4bb37b042e593da2e6f6cccfa", size = 13126751, upload-time = "2025-11-28T20:55:03.47Z" },
    { url = "https://files.pythonhosted.org/packages/a8/b5/d0b7d145963136b564806f6584647af45ab98946660d399ec4da79cae036/ruff-0.14.7-py3-none-win_amd64.whl", hash = "sha256:e17a20ad0d3fad47a326d773a042b924d3ac31c6ca6deb6c72e9e6b5f661a7c6", size = 14531726, upload-time = "2025-11-28T20:54:59.121Z" },
    { url = "https://files.pythonhosted.org/packages/1d/d2/1637f4360ada6a368d3265bf39f2cf737a0aaab15ab520fc005903e883f8/ruff-0.14.7-py3-none-win_arm64.whl", hash = "sha256:be4d653d3bea1b19742fcc6502354e32f65cd61ff2fbdb365803ef2c2aec6228", size = 13609215, upload-time = "2025-11-28T20:55:15.375Z" },
]
