version = 1
requires-python = ">=3.11"

[[package]]
name = "black"
version = "25.1.0"
source = { registry = "https://pypi.org/simple" }
dependencies = [
    { name = "click" },
    { name = "mypy-extensions" },
    { name = "packaging" },
    { name = "pathspec" },
    { name = "platformdirs" },
]
sdist = { url = "https://files.pythonhosted.org/packages/94/49/26a7b0f3f35da4b5a65f081943b7bcd22d7002f5f0fb8098ec1ff21cb6ef/black-25.1.0.tar.gz", hash = "sha256:33496d5cd1222ad73391352b4ae8da15253c5de89b93a80b3e2c8d9a19ec2666", size = 649449 }
wheels = [
    { url = "https://files.pythonhosted.org/packages/7e/4f/87f596aca05c3ce5b94b8663dbfe242a12843caaa82dd3f85f1ffdc3f177/black-25.1.0-cp311-cp311-macosx_10_9_x86_64.whl", hash = "sha256:a39337598244de4bae26475f77dda852ea00a93bd4c728e09eacd827ec929df0", size = 1614372 },
    { url = "https://files.pythonhosted.org/packages/e7/d0/2c34c36190b741c59c901e56ab7f6e54dad8df05a6272a9747ecef7c6036/black-25.1.0-cp311-cp311-macosx_11_0_arm64.whl", hash = "sha256:96c1c7cd856bba8e20094e36e0f948718dc688dba4a9d78c3adde52b9e6c2299", size = 1442865 },
    { url = "https://files.pythonhosted.org/packages/21/d4/7518c72262468430ead45cf22bd86c883a6448b9eb43672765d69a8f1248/black-25.1.0-cp311-cp311-manylinux_2_17_x86_64.manylinux2014_x86_64.manylinux_2_28_x86_64.whl", hash = "sha256:bce2e264d59c91e52d8000d507eb20a9aca4a778731a08cfff7e5ac4a4bb7096", size = 1749699 },
    { url = "https://files.pythonhosted.org/packages/58/db/4f5beb989b547f79096e035c4981ceb36ac2b552d0ac5f2620e941501c99/black-25.1.0-cp311-cp311-win_amd64.whl", hash = "sha256:172b1dbff09f86ce6f4eb8edf9dede08b1fce58ba194c87d7a4f1a5aa2f5b3c2", size = 1428028 },
    { url = "https://files.pythonhosted.org/packages/83/71/3fe4741df7adf015ad8dfa082dd36c94ca86bb21f25608eb247b4afb15b2/black-25.1.0-cp312-cp312-macosx_10_13_x86_64.whl", hash = "sha256:4b60580e829091e6f9238c848ea6750efed72140b91b048770b64e74fe04908b", size = 1650988 },
    { url = "https://files.pythonhosted.org/packages/13/f3/89aac8a83d73937ccd39bbe8fc6ac8860c11cfa0af5b1c96d081facac844/black-25.1.0-cp312-cp312-macosx_11_0_arm64.whl", hash = "sha256:1e2978f6df243b155ef5fa7e558a43037c3079093ed5d10fd84c43900f2d8ecc", size = 1453985 },
    { url = "https://files.pythonhosted.org/packages/6f/22/b99efca33f1f3a1d2552c714b1e1b5ae92efac6c43e790ad539a163d1754/black-25.1.0-cp312-cp312-manylinux_2_17_x86_64.manylinux2014_x86_64.manylinux_2_28_x86_64.whl", hash = "sha256:3b48735872ec535027d979e8dcb20bf4f70b5ac75a8ea99f127c106a7d7aba9f", size = 1783816 },
    { url = "https://files.pythonhosted.org/packages/18/7e/a27c3ad3822b6f2e0e00d63d58ff6299a99a5b3aee69fa77cd4b0076b261/black-25.1.0-cp312-cp312-win_amd64.whl", hash = "sha256:ea0213189960bda9cf99be5b8c8ce66bb054af5e9e861249cd23471bd7b0b3ba", size = 1440860 },
    { url = "https://files.pythonhosted.org/packages/98/87/0edf98916640efa5d0696e1abb0a8357b52e69e82322628f25bf14d263d1/black-25.1.0-cp313-cp313-macosx_10_13_x86_64.whl", hash = "sha256:8f0b18a02996a836cc9c9c78e5babec10930862827b1b724ddfe98ccf2f2fe4f", size = 1650673 },
    { url = "https://files.pythonhosted.org/packages/52/e5/f7bf17207cf87fa6e9b676576749c6b6ed0d70f179a3d812c997870291c3/black-25.1.0-cp313-cp313-macosx_11_0_arm64.whl", hash = "sha256:afebb7098bfbc70037a053b91ae8437c3857482d3a690fefc03e9ff7aa9a5fd3", size = 1453190 },
    { url = "https://files.pythonhosted.org/packages/e3/ee/adda3d46d4a9120772fae6de454c8495603c37c4c3b9c60f25b1ab6401fe/black-25.1.0-cp313-cp313-manylinux_2_17_x86_64.manylinux2014_x86_64.manylinux_2_28_x86_64.whl", hash = "sha256:030b9759066a4ee5e5aca28c3c77f9c64789cdd4de8ac1df642c40b708be6171", size = 1782926 },
    { url = "https://files.pythonhosted.org/packages/cc/64/94eb5f45dcb997d2082f097a3944cfc7fe87e071907f677e80788a2d7b7a/black-25.1.0-cp313-cp313-win_amd64.whl", hash = "sha256:a22f402b410566e2d1c950708c77ebf5ebd5d0d88a6a2e87c86d9fb48afa0d18", size = 1442613 },
    { url = "https://files.pythonhosted.org/packages/09/71/54e999902aed72baf26bca0d50781b01838251a462612966e9fc4891eadd/black-25.1.0-py3-none-any.whl", hash = "sha256:95e8176dae143ba9097f351d174fdaf0ccd29efb414b362ae3fd72bf0f710717", size = 207646 },
]

[[package]]
name = "click"
version = "8.2.1"
source = { registry = "https://pypi.org/simple" }
dependencies = [
    { name = "colorama", marker = "platform_system == 'Windows'" },
]
sdist = { url = "https://files.pythonhosted.org/packages/60/6c/8ca2efa64cf75a977a0d7fac081354553ebe483345c734fb6b6515d96bbc/click-8.2.1.tar.gz", hash = "sha256:27c491cc05d968d271d5a1db13e3b5a184636d9d930f148c50b038f0d0646202", size = 286342 }
wheels = [
    { url = "https://files.pythonhosted.org/packages/85/32/10bb5764d90a8eee674e9dc6f4db6a0ab47c8c4d0d83c27f7c39ac415a4d/click-8.2.1-py3-none-any.whl", hash = "sha256:61a3265b914e850b85317d0b3109c7f8cd35a670f963866005d6ef1d5175a12b", size = 102215 },
]

[[package]]
name = "colorama"
version = "0.4.6"
source = { registry = "https://pypi.org/simple" }
sdist = { url = "https://files.pythonhosted.org/packages/d8/53/6f443c9a4a8358a93a6792e2acffb9d9d5cb0a5cfd8802644b7b1c9a02e4/colorama-0.4.6.tar.gz", hash = "sha256:08695f5cb7ed6e0531a20572697297273c47b8cae5a63ffc6d6ed5c201be6e44", size = 27697 }
wheels = [
    { url = "https://files.pythonhosted.org/packages/d1/d6/3965ed04c63042e047cb6a3e6ed1a63a35087b6a609aa3a15ed8ac56c221/colorama-0.4.6-py2.py3-none-any.whl", hash = "sha256:4f1d9991f5acc0ca119f9d443620b77f9d6b33703e51011c16baf57afb285fc6", size = 25335 },
]

[[package]]
name = "fable-library"
version = "5.0.0a17"
source = { registry = "https://pypi.org/simple" }
sdist = { url = "https://files.pythonhosted.org/packages/29/39/46eddc670f19e44d8d27e5fba2f127293ab253d88781cd8bf9f30dbf9c27/fable_library-5.0.0a17.tar.gz", hash = "sha256:76d1d0ade9de86cb4d7e33fe097e6d046d2f3bcacbce64478894b6c7c32366e2", size = 181946 }
wheels = [
    { url = "https://files.pythonhosted.org/packages/16/43/04ce725d78fd4a0ed20070459c4ac6e328543dc586bf1515023b38c3a050/fable_library-5.0.0a17-cp311-cp311-macosx_10_12_x86_64.whl", hash = "sha256:cdad5353b5fd7d29012896f753186297986a23eceb090657b06910f2c4e44a82", size = 1685689 },
    { url = "https://files.pythonhosted.org/packages/51/26/d523ab6ef3c552a977494931510a0086f88ff6d48c3fd7bdfa2d4f563d5a/fable_library-5.0.0a17-cp311-cp311-macosx_11_0_arm64.whl", hash = "sha256:bd069a979766daab0243bb799c5c3883584176f50b386650ac334380a1d7e7ac", size = 1603459 },
    { url = "https://files.pythonhosted.org/packages/62/46/2a6b73684fd86b8b3aaccea761258dc76b1278815a1e962e6c52f78d4ee2/fable_library-5.0.0a17-cp311-cp311-manylinux_2_17_aarch64.manylinux2014_aarch64.whl", hash = "sha256:baaab9ce4598301e39f1f28254ad1db61cde32355241a41d3a3637cbe90773d4", size = 1676316 },
    { url = "https://files.pythonhosted.org/packages/c4/ad/1875e491809d3e291951a2962306a7955a4e44ce23669468f17cf8e34f34/fable_library-5.0.0a17-cp311-cp311-manylinux_2_17_armv7l.manylinux2014_armv7l.whl", hash = "sha256:7c007aaa3d5c18ff94925030e3a991ee9c87a5a351476ec6001be1d7266f219b", size = 1634997 },
    { url = "https://files.pythonhosted.org/packages/0e/87/908ecb9f7bff8e589eb5917c6e523625292a812b3cb5a40f6098bcd78e7d/fable_library-5.0.0a17-cp311-cp311-manylinux_2_17_ppc64le.manylinux2014_ppc64le.whl", hash = "sha256:7834ba195cb7ae0dbc6b895e8cd88a89c791a78122c757f0f25cf3dfdb3bc340", size = 1866023 },
    { url = "https://files.pythonhosted.org/packages/19/d5/c912ac46751584ee8829b0ec4141053381aef6c06af7a2c16b4319758272/fable_library-5.0.0a17-cp311-cp311-manylinux_2_17_s390x.manylinux2014_s390x.whl", hash = "sha256:cc707e293799690652b195bac98c212d66e37d767c003852fbdcb9337d23d811", size = 1778020 },
    { url = "https://files.pythonhosted.org/packages/8b/68/b5789190bc1e5a7c394804c55ce930253ba867ab547be6f6f9c2e0468acc/fable_library-5.0.0a17-cp311-cp311-manylinux_2_17_x86_64.manylinux2014_x86_64.whl", hash = "sha256:a0056f968626908766f99b16a88dca7b2262eb49e4f178bdd4fe063b3656f10e", size = 1680013 },
    { url = "https://files.pythonhosted.org/packages/3b/75/7e137be400d053c793c21e3da10b35152687486655311d205fb2e6dd5138/fable_library-5.0.0a17-cp311-cp311-manylinux_2_5_i686.manylinux1_i686.whl", hash = "sha256:dfa33d0e8669589606379318e1e1a88238413d306d7feecc32a0251934a8b2e1", size = 1792170 },
    { url = "https://files.pythonhosted.org/packages/96/2b/b50b4dd262dedd7a2f57b1d7918632d54f948633142a42590fb3c44458dc/fable_library-5.0.0a17-cp311-cp311-musllinux_1_2_aarch64.whl", hash = "sha256:9c2ecc84a09d61de38fe4743e470f9422c400e033119ae0e469b5d6d554b484b", size = 1860008 },
    { url = "https://files.pythonhosted.org/packages/d3/43/59139a4391be3957adddf6743783982ab15761386cb671c1ccda0b8217d7/fable_library-5.0.0a17-cp311-cp311-musllinux_1_2_armv7l.whl", hash = "sha256:e6904658a7caeb4e52406d0b2c86e9eff264bee78f5d42424f4570fe6ae9398b", size = 1900561 },
    { url = "https://files.pythonhosted.org/packages/54/fc/46a595b6c5f7418394b7824c605e54fbaf91ad7f853339fb3b39df061f46/fable_library-5.0.0a17-cp311-cp311-musllinux_1_2_i686.whl", hash = "sha256:aa2173746e3c9f379823b05dea5f5736b49a7e4dca074a4a66658c99cda2e69b", size = 1903914 },
    { url = "https://files.pythonhosted.org/packages/78/1b/f8105f6249bca178748c4627e4c307eacfa8c1096acde8cdf9a2bff7abeb/fable_library-5.0.0a17-cp311-cp311-musllinux_1_2_x86_64.whl", hash = "sha256:0bd825cd0b5c97f441d4957b2e796f875cbcdb6124a462fbce8f78548954ed2a", size = 1902122 },
    { url = "https://files.pythonhosted.org/packages/c0/ad/5668899e9d98fd9c8acb4c35047d6d1ae0639fafb59b409420781dce5373/fable_library-5.0.0a17-cp311-cp311-win_amd64.whl", hash = "sha256:b3cd70842b7246086d3b40681b212d5a495540d97b1d1b54dc26d915526337da", size = 1389570 },
    { url = "https://files.pythonhosted.org/packages/f9/e2/bc0aedc309da577791e24a5b0401417ee4a31fbb540918b67857bdecd063/fable_library-5.0.0a17-cp312-cp312-macosx_10_12_x86_64.whl", hash = "sha256:33c5cd3f3d3b22387d3e8a6f8b2671b5116dd790d7e3722ede98c7643e68c54e", size = 1691410 },
    { url = "https://files.pythonhosted.org/packages/57/6b/60cb12b84e318b30749b485f64c0ab281b25610eb513dad527a4b2efd5ef/fable_library-5.0.0a17-cp312-cp312-macosx_11_0_arm64.whl", hash = "sha256:ac51f1d89aa385eda124edb5c223820590e41a4c614bc2ff8bca7f8a975f2165", size = 1599332 },
    { url = "https://files.pythonhosted.org/packages/7f/53/4bcb316ef823c746ca1381f4f18170a3cb3fd0c88eabec6aec9339cc2173/fable_library-5.0.0a17-cp312-cp312-manylinux_2_17_aarch64.manylinux2014_aarch64.whl", hash = "sha256:f5cbbca0c6e0123e0ea31846616427121fe9879497876571f44390dda475e3ea", size = 1678480 },
    { url = "https://files.pythonhosted.org/packages/3e/ca/8cbdc5a48d5b149d12b8f983b156f1de121f063767215eaec5d0a7ed4062/fable_library-5.0.0a17-cp312-cp312-manylinux_2_17_armv7l.manylinux2014_armv7l.whl", hash = "sha256:af423d94cf131afa2639943f1fb54c9648abe42928a8e613ad2a38e51e056a17", size = 1646911 },
    { url = "https://files.pythonhosted.org/packages/5d/2b/07b2ac66f22552d0a9fbe30dbe488ad9c2eebb446625d9426a09aa50f817/fable_library-5.0.0a17-cp312-cp312-manylinux_2_17_ppc64le.manylinux2014_ppc64le.whl", hash = "sha256:64c46dc9a073002dec5b90c7e90fc973f3a24e4307e6a8978b586fa985621351", size = 1856429 },
    { url = "https://files.pythonhosted.org/packages/66/62/98cda972d52303d2714df935b3fd037733ee291c4acec386a94a6f95fd36/fable_library-5.0.0a17-cp312-cp312-manylinux_2_17_s390x.manylinux2014_s390x.whl", hash = "sha256:c1a78ee26cd2c37f09c9662e8ad2e2c871ec8bdb023383ff85b5dfaa3fbc7e80", size = 1788103 },
    { url = "https://files.pythonhosted.org/packages/78/85/7d9a1c1cfb369b85cf2cde6ee2b4d2f1670126d7cbe247d1473d0c03b6e9/fable_library-5.0.0a17-cp312-cp312-manylinux_2_17_x86_64.manylinux2014_x86_64.whl", hash = "sha256:cf1fe000c1a0d60a7c4a4652d20d47d9f3dd1ecb3ea531e209da27899b66659e", size = 1694562 },
    { url = "https://files.pythonhosted.org/packages/2a/74/cf686a1f7b2476f063a58ef42adbd042f348e5c1b21aad349bdcaf1debc5/fable_library-5.0.0a17-cp312-cp312-manylinux_2_5_i686.manylinux1_i686.whl", hash = "sha256:ffa31557d42526c18dfbc15b05d9f9c8badd79c8a74ffb14dc0dc8379ef0fbac", size = 1796335 },
    { url = "https://files.pythonhosted.org/packages/3e/ee/fc5657b46f5ef7955a263bde92a86ef24dc8c15ced124ce558476cbd2217/fable_library-5.0.0a17-cp312-cp312-musllinux_1_2_aarch64.whl", hash = "sha256:74becfd5a81da386afe2b9481ac74862835f1f73c97db07a713ac630862bd8b9", size = 1860582 },
    { url = "https://files.pythonhosted.org/packages/e8/74/693c1a42ec3d56da807f2b3f746a8a690af5df9b5417e72f28b9c6cb1a75/fable_library-5.0.0a17-cp312-cp312-musllinux_1_2_armv7l.whl", hash = "sha256:7ac2ac71a7d0387f997d4d8a1d50d1ba5158eef08e112b29133487bdaa3c1b78", size = 1913156 },
    { url = "https://files.pythonhosted.org/packages/a3/91/1b85e295f44b0413126cc87d34317e08b7d3065c30227f142ca57698d91b/fable_library-5.0.0a17-cp312-cp312-musllinux_1_2_i686.whl", hash = "sha256:a261de6a9aeb1e8324c9afb74924e8227e8119846b5e60fbb420db1540816a03", size = 1910444 },
    { url = "https://files.pythonhosted.org/packages/a0/fa/c05cda9cbf3fb88a7484127aa047053907d8a2136b84daad4419f4f07421/fable_library-5.0.0a17-cp312-cp312-musllinux_1_2_x86_64.whl", hash = "sha256:138c7f3dd36d939c6d7866e609df1bac866e644608303932d6d4d335efd3b681", size = 1913755 },
    { url = "https://files.pythonhosted.org/packages/b0/7d/1598177d869691edb7b336016e4479e8ca7e75105376d48a7ba1770d6c66/fable_library-5.0.0a17-cp312-cp312-win_amd64.whl", hash = "sha256:ad78d9f9aa4357f19405830ccaa7c9ff10efccd4cc1dde4e7fc2fdaf9a2eb004", size = 1411069 },
    { url = "https://files.pythonhosted.org/packages/a2/ad/2cb0d8d6c90223c9f76715da3b4dc57a4dadea67b9fe3ac235b583f1e493/fable_library-5.0.0a17-cp313-cp313-macosx_10_12_x86_64.whl", hash = "sha256:b0b6798853abe29c82ee5b7e9b6aa1f20fa8f0e4aaae7c3f82a27a6c8ce3e78b", size = 1691370 },
    { url = "https://files.pythonhosted.org/packages/ff/dc/4129a3b87cfad1db199a9ef438f6c5d640ad18a9898d97299d4dab5dcb05/fable_library-5.0.0a17-cp313-cp313-macosx_11_0_arm64.whl", hash = "sha256:459d0161a2c79e4f205e8118dc9987c55e6441475fb95793374791814b442777", size = 1599346 },
    { url = "https://files.pythonhosted.org/packages/72/e2/fe87a1cd65183c9ea05066dbb0233f2b6fa8075591f09fa8db8186c8069b/fable_library-5.0.0a17-cp313-cp313-manylinux_2_17_aarch64.manylinux2014_aarch64.whl", hash = "sha256:61d882817d0b52e088389790b88051f52a966f141d4df1a298d9ac8295f9ea7f", size = 1677602 },
    { url = "https://files.pythonhosted.org/packages/92/89/c8357d26dce3e2d2961a89eee005b5783fd695c648eb8fb23645d884102e/fable_library-5.0.0a17-cp313-cp313-manylinux_2_17_armv7l.manylinux2014_armv7l.whl", hash = "sha256:03c95b0f1b8b477f544de0602704d51dc908428d8566509b9bf76d67f9a16492", size = 1646019 },
    { url = "https://files.pythonhosted.org/packages/24/c9/d1bd05d8570549e81a685f32ab4c872dfc3e81ac358d842607b5cfe33a30/fable_library-5.0.0a17-cp313-cp313-manylinux_2_17_ppc64le.manylinux2014_ppc64le.whl", hash = "sha256:3af3d9ebc9f967f07abc588c697f41b086044792327e2a136b69c1dc6b9185a5", size = 1853942 },
    { url = "https://files.pythonhosted.org/packages/aa/fb/03bf0abd5fd1b97cb2f2ee3d3f9c2e97151ee42daa8d51edb19fcd7f953c/fable_library-5.0.0a17-cp313-cp313-manylinux_2_17_s390x.manylinux2014_s390x.whl", hash = "sha256:00086ff93ec4a043b9c8d337296561511af73979e89d41711494a7db96093d29", size = 1788275 },
    { url = "https://files.pythonhosted.org/packages/d4/5b/4cf6a163e5a5647d5da60a51921ce1129396d3206d85ffdef6755a275cc2/fable_library-5.0.0a17-cp313-cp313-manylinux_2_17_x86_64.manylinux2014_x86_64.whl", hash = "sha256:3eabf12e4d4148ec9796822dcbb2813fe4389bf5432e29a9e5e2f607bb20db16", size = 1693592 },
    { url = "https://files.pythonhosted.org/packages/98/2d/16c6eba1ac5230cc454e22a3cef514ac19e6a9baeb40836e0164a52d8673/fable_library-5.0.0a17-cp313-cp313-manylinux_2_5_i686.manylinux1_i686.whl", hash = "sha256:626c0e953db7f80640cc421b6f82c98a85595130ae21c5b16a1cb2551e8ca1df", size = 1796282 },
    { url = "https://files.pythonhosted.org/packages/e0/71/773b0970132d5d9d318071d152d5add4bd76f7c4c019cd2532c1d26e24a5/fable_library-5.0.0a17-cp313-cp313-musllinux_1_2_aarch64.whl", hash = "sha256:d4928051dd56a9266640ec31700cbb83d9ff392cf0367d0d72f70f9cef397333", size = 1859700 },
    { url = "https://files.pythonhosted.org/packages/93/a6/b7f6bf1f4980dc005629c86eec43ee8f278b028c52f468a033efac460432/fable_library-5.0.0a17-cp313-cp313-musllinux_1_2_armv7l.whl", hash = "sha256:62e354cc2086495b728ee9fc3beff55b976b33f91afcbac790acc2c8bf8e97bd", size = 1912588 },
    { url = "https://files.pythonhosted.org/packages/d9/d8/b0f93b3c270de5a884ed5db856b84cff4d86826c1e123dc2954c80ef5374/fable_library-5.0.0a17-cp313-cp313-musllinux_1_2_i686.whl", hash = "sha256:f5d8c33052083accc51beb3af14cf3f1d9f23a2a8dab700694af4fc548dc804c", size = 1910298 },
    { url = "https://files.pythonhosted.org/packages/e7/97/77fd12e3d8556def4bb800e0cbf89f0310f53f232b63b1abeec32cfb8275/fable_library-5.0.0a17-cp313-cp313-musllinux_1_2_x86_64.whl", hash = "sha256:143301c014e8f3730ccf34c3352c1b43a7a661ea9dbdb2a469132124e8ac56ed", size = 1913052 },
    { url = "https://files.pythonhosted.org/packages/34/28/ce21303cb0406bccc8ca8dde318eebb88cb22755caba7529117786bf0c77/fable_library-5.0.0a17-cp313-cp313-win_amd64.whl", hash = "sha256:b471070e3eab0cd10626bba99c164e5f9a468b720d8b7f53a09b1e85c19365c0", size = 1411150 },
    { url = "https://files.pythonhosted.org/packages/80/a9/6d1adccf6534017e5ccbb0d89889a631384794bd03936a938f839f896142/fable_library-5.0.0a17-cp313-cp313t-manylinux_2_17_aarch64.manylinux2014_aarch64.whl", hash = "sha256:36a0902ea0b507cc6d4260ee649ee0cba8905054f5d2bdb1d0c1d7b7f4d20497", size = 1703312 },
    { url = "https://files.pythonhosted.org/packages/6a/74/dbc90755901d56d4dbf1aff1094a4fa47b124acac9e59de79751be260977/fable_library-5.0.0a17-cp313-cp313t-manylinux_2_17_armv7l.manylinux2014_armv7l.whl", hash = "sha256:6f725a5f5e2e85a3cf3086bf3cd4630637c53a34aeea69e883e46716993119a9", size = 1682667 },
    { url = "https://files.pythonhosted.org/packages/eb/0d/9f3e681fd530ed965483d588c39eabca6de7ad8a64103849a6fae24d6a1c/fable_library-5.0.0a17-cp313-cp313t-manylinux_2_17_ppc64le.manylinux2014_ppc64le.whl", hash = "sha256:a2eff10a9e42d24fe0cf989469c09977dede0243326257f9f4da752ff568ee5e", size = 1893420 },
    { url = "https://files.pythonhosted.org/packages/27/dc/158b0ebfe2025ba76862f5ecb32f33eda0004baab04402193e1171fcce15/fable_library-5.0.0a17-cp313-cp313t-manylinux_2_17_s390x.manylinux2014_s390x.whl", hash = "sha256:feb07936a48b994f752c96d160c8d11e8dcd7f011e00df4b62df9f0ceb5cab7a", size = 1826167 },
    { url = "https://files.pythonhosted.org/packages/78/6b/ac592731db1bbc8c6ff4ce88336c924e9a1c67bfb07809d638f8cba6cc2f/fable_library-5.0.0a17-cp313-cp313t-musllinux_1_2_aarch64.whl", hash = "sha256:efa973c02f5bcfb5a3e982797738769f6a29a3b3dbbdc9486aae2f7507892af5", size = 1885647 },
    { url = "https://files.pythonhosted.org/packages/16/5c/f564ed669540077b932acf7f9cd63b5a39ab840983ede9084421e7d445a5/fable_library-5.0.0a17-cp313-cp313t-musllinux_1_2_armv7l.whl", hash = "sha256:1674f84763177d2d8f23ff9130fae28b2268a99394a53c49dcafa545d47080bf", size = 1949577 },
    { url = "https://files.pythonhosted.org/packages/65/ae/df14e0f55cfd10d91eeffbd537e43737745001b5cf103ba15245a14fa637/fable_library-5.0.0a17-cp313-cp313t-musllinux_1_2_i686.whl", hash = "sha256:b7cea435911c9eb52e3fd0b1b959eff4715887baeeae9efa1c84c207c0e3c35c", size = 1948006 },
    { url = "https://files.pythonhosted.org/packages/d9/ab/51580c1ee9d2851df182f0cf7741608137777b16311bdc3ced615cdccf9a/fable_library-5.0.0a17-cp313-cp313t-musllinux_1_2_x86_64.whl", hash = "sha256:05e54e2f6d52f8afb618baf4d2e9de8fae9a35d976b37b60fc3023bb10a681c1", size = 1949741 },
    { url = "https://files.pythonhosted.org/packages/97/e8/a59d2c175cbb120357328b1a959d829f766288afb088caff17875843484d/fable_library-5.0.0a17-cp314-cp314-macosx_10_12_x86_64.whl", hash = "sha256:e05e2cca491107f59dae1b7d95152f7f45bc244f3e2fecde6b4e7afd5b772adf", size = 1678581 },
    { url = "https://files.pythonhosted.org/packages/4b/f6/c1ec2d7bda962bca80ff3248aa9502f8e22c8e853516603c1bba8981ae35/fable_library-5.0.0a17-cp314-cp314-macosx_11_0_arm64.whl", hash = "sha256:c207d03941b33871c1b1be9e9a3ff80ab130e9db22259413a3f6a017f99a5cc1", size = 1590836 },
    { url = "https://files.pythonhosted.org/packages/c4/49/8cb15ccc800fdd5ee22a35bfe7a74bfe6c5eaf2a0135d9e6ed7f1c75c769/fable_library-5.0.0a17-cp314-cp314-manylinux_2_17_aarch64.manylinux2014_aarch64.whl", hash = "sha256:7c6a2b3da8965f41727747d92d4bc88badea1863cb85308966aff2c393ab89ef", size = 1671523 },
    { url = "https://files.pythonhosted.org/packages/b2/bb/7fa06bcacd026f74dcf2ded700ef2f1ca7f69ce5f6618553e66b776ddeb9/fable_library-5.0.0a17-cp314-cp314-manylinux_2_17_armv7l.manylinux2014_armv7l.whl", hash = "sha256:3a3237cc83ec36a69b7a6b21e2de128f570eef4012776b58f35bbf63f2f3de41", size = 1632185 },
    { url = "https://files.pythonhosted.org/packages/75/13/dacd0fbd6bfcc9a442806176a180469c5264516863fce099c6c98a81818d/fable_library-5.0.0a17-cp314-cp314-manylinux_2_17_ppc64le.manylinux2014_ppc64le.whl", hash = "sha256:ba00aa9959067245cb59721a4c315294e1e0882f1a2664848e5bf653c055239e", size = 1854112 },
    { url = "https://files.pythonhosted.org/packages/40/99/85b732612f70fd6338110526f39f5b9441e3e943c48e4df61e98811093ee/fable_library-5.0.0a17-cp314-cp314-manylinux_2_17_s390x.manylinux2014_s390x.whl", hash = "sha256:2fb20c05ef9d278bc36081c123accb9c9a793ec797f51f134a285a8a8da53ec6", size = 1780844 },
    { url = "https://files.pythonhosted.org/packages/d5/0a/7883946553157fdff7d5ed0ce773e2537f6e6e51b25b493a705ff634533a/fable_library-5.0.0a17-cp314-cp314-manylinux_2_17_x86_64.manylinux2014_x86_64.whl", hash = "sha256:db327cf997d54bc3a61aaf0a386d5f84d11dff525b7f4dcaabeeb58cc99d50e0", size = 1679723 },
    { url = "https://files.pythonhosted.org/packages/7d/13/707a9f4b65530c20a966864812f30576d9249d290fe89b89391c7159439e/fable_library-5.0.0a17-cp314-cp314-manylinux_2_5_i686.manylinux1_i686.whl", hash = "sha256:882221037b8ed4f539b4499556269c5caaba608bc966f2c60f16235122ee35f1", size = 1787845 },
    { url = "https://files.pythonhosted.org/packages/ac/d5/d58f2fe7acfb01735eda44542bc7781c7a972f4f87043281f4bd44cc2f85/fable_library-5.0.0a17-cp314-cp314-musllinux_1_2_aarch64.whl", hash = "sha256:b0e49c159b696436df098326b2b95af27d1d66ef4c8b811bada708b2bf31c7db", size = 1854562 },
    { url = "https://files.pythonhosted.org/packages/a5/99/4862333a479686149f0dc7bd3785c2efa97a60184dab8f7cd90f4c14fdf7/fable_library-5.0.0a17-cp314-cp314-musllinux_1_2_armv7l.whl", hash = "sha256:5334156ab14a91e9dfc721e8523feb88a3d3a22be2cc5a13640019d7ea29b2a7", size = 1900038 },
    { url = "https://files.pythonhosted.org/packages/1e/e5/c8867c226d82cb88abd471a7f0456a9979aa58def69489946ee1ed5ad9fe/fable_library-5.0.0a17-cp314-cp314-musllinux_1_2_i686.whl", hash = "sha256:fa1cc2d9d02ec87aeba5f06d4335cbbaea6be777b92dc41c544944fe18c0dcb1", size = 1903699 },
    { url = "https://files.pythonhosted.org/packages/df/8a/579cf0e340eee6ecb0174e1de24bbb469e495bc0cc00bccff0d9724bafba/fable_library-5.0.0a17-cp314-cp314-musllinux_1_2_x86_64.whl", hash = "sha256:4b4b233fafdc1bdff8ab6709717106be9091f667c377dbb68f02e90939d63d9f", size = 1901808 },
    { url = "https://files.pythonhosted.org/packages/38/4e/d45bd132faba3d2a93e71c6a7ba3e60d6e6e7b021abbd5d7b68e8170c9a2/fable_library-5.0.0a17-cp314-cp314-win32.whl", hash = "sha256:429f1706db3f19e2c2c8501e58f0285ff2ef659ff735b059964baa2b40121a86", size = 1276767 },
    { url = "https://files.pythonhosted.org/packages/3a/12/07d4a9b9bd7de9edd50534bc9406e3ed3f32ce52d516ac8913b5ffbf8792/fable_library-5.0.0a17-cp314-cp314-win_amd64.whl", hash = "sha256:76c38f95a07f20746a75e174d12cab72d608506b65929d45e70b06e7d81c4a83", size = 1399548 },
    { url = "https://files.pythonhosted.org/packages/26/55/6987d4bc5f2c300866994dfb5a5b9d517e26e20b57032f50d9f22f00fe73/fable_library-5.0.0a17-cp314-cp314t-manylinux_2_17_aarch64.manylinux2014_aarch64.whl", hash = "sha256:a561562e5490571bb5185a76e802fcce9ac0523d84e9cfa7c7e14e00188a5289", size = 1702465 },
    { url = "https://files.pythonhosted.org/packages/6b/9d/35260a8db15edcfa61cc3e65209c451fe05a396acd59d229667713fd91a4/fable_library-5.0.0a17-cp314-cp314t-manylinux_2_17_armv7l.manylinux2014_armv7l.whl", hash = "sha256:0839ee5e3a769c7f70673da3f3298aa17497b2db2cfd84c1a2a1e8998362591f", size = 1683471 },
    { url = "https://files.pythonhosted.org/packages/93/7d/d5c7fb9064dab4afc9dff3809944978be10e0839d606887a406b3aa794b1/fable_library-5.0.0a17-cp314-cp314t-manylinux_2_17_ppc64le.manylinux2014_ppc64le.whl", hash = "sha256:b3618911c2e831478b36ba58b10c314c76f7237e299e568355a5504a5f6d43ee", size = 1893602 },
    { url = "https://files.pythonhosted.org/packages/b0/65/c9230732d2c90ec77a6d2199aed1f0dd803df558aa585e7ded2f5cdc62f2/fable_library-5.0.0a17-cp314-cp314t-manylinux_2_17_s390x.manylinux2014_s390x.whl", hash = "sha256:2093ea940619c4421e2804332e175b7a54ed39043969323bde056fe28eb07631", size = 1824144 },
    { url = "https://files.pythonhosted.org/packages/ac/a3/9c145f8b27d4888055a4dec97f781b9b02b9ebff4656b4e629b3870be164/fable_library-5.0.0a17-cp314-cp314t-musllinux_1_2_aarch64.whl", hash = "sha256:e6a2eef5c100199587824d2a7c2182415a173001ae4ef9db5161470c2586dfd8", size = 1885247 },
    { url = "https://files.pythonhosted.org/packages/bf/07/511002b542c69c2d83112d38e0fa1af48f49a0e3863381d7254694c9313a/fable_library-5.0.0a17-cp314-cp314t-musllinux_1_2_armv7l.whl", hash = "sha256:3516ebf9ecf30d50e0f4f6834fec9dddf85ab95beb45bea7aa0500f4896e0a14", size = 1950279 },
    { url = "https://files.pythonhosted.org/packages/2f/c9/b576fafbcbc8d9ff2e0853ddd8e9bb0cba7c632f96e5f4e46c270a4fab1c/fable_library-5.0.0a17-cp314-cp314t-musllinux_1_2_i686.whl", hash = "sha256:12b9f8cf16f7031f0c47a48f9ffd17bde2dca1db80af1577b42b3ee1ffd94cb2", size = 1949585 },
    { url = "https://files.pythonhosted.org/packages/62/c5/0e8974a4d64ae5fc4025528d15d398703e462a08b817571f0b1859a4bc16/fable_library-5.0.0a17-cp314-cp314t-musllinux_1_2_x86_64.whl", hash = "sha256:8b68546c5dda788d5d117c51cc1ecf1e074641428330ee010fdc328bdba77ef9", size = 1950401 },
    { url = "https://files.pythonhosted.org/packages/16/d4/38e36faddb723319a2e0f082317d4076af1c1b6ee28a7f51c41f2ab943d7/fable_library-5.0.0a17-pp311-pypy311_pp73-manylinux_2_17_aarch64.manylinux2014_aarch64.whl", hash = "sha256:bc6916ff0e6598caa2e0961fc6f21d58a8be32486e27060514cee921d358d58a", size = 1680898 },
    { url = "https://files.pythonhosted.org/packages/e2/41/10664354503a2a81a8af4961b418240d6354d0b858d274ed956c0cd8bd38/fable_library-5.0.0a17-pp311-pypy311_pp73-manylinux_2_17_armv7l.manylinux2014_armv7l.whl", hash = "sha256:172ab59b58bff6c9c935e0932d100c93370d2dc5862e825f01de188d880f1e1d", size = 1637455 },
    { url = "https://files.pythonhosted.org/packages/8b/b8/a785f977edbed922108f975fb5362d2412eebd5cd200a17e28017dcac90d/fable_library-5.0.0a17-pp311-pypy311_pp73-manylinux_2_17_ppc64le.manylinux2014_ppc64le.whl", hash = "sha256:c31b486732c41c540e9f838d8a604cf892eff502a89031e3df16488bb0fa4252", size = 1868853 },
    { url = "https://files.pythonhosted.org/packages/57/fc/b0456281bbe14e5f1423457614468c08e416566980d0501ac416c66c5444/fable_library-5.0.0a17-pp311-pypy311_pp73-manylinux_2_17_s390x.manylinux2014_s390x.whl", hash = "sha256:8472d76a6eff299aea8fab9850ae76585a5d6b1659ae26da0809e263e44153f7", size = 1780116 },
    { url = "https://files.pythonhosted.org/packages/70/92/1d4cd3a24b0d377e267ffe73f592d625ce07225472f4ad69ad88f755601f/fable_library-5.0.0a17-pp311-pypy311_pp73-manylinux_2_17_x86_64.manylinux2014_x86_64.whl", hash = "sha256:81fa3cfbcf02d02359391fd3b48fdea9ffa9e099afba5ccb2711a0a582ce99b5", size = 1686519 },
    { url = "https://files.pythonhosted.org/packages/3e/68/d0190aa3fe053b89ce41d09ec0ed25772b2b0ffbc172328bc488967610ef/fable_library-5.0.0a17-pp311-pypy311_pp73-manylinux_2_5_i686.manylinux1_i686.whl", hash = "sha256:4cf7678d38a806e0d52266dfc6f89c2b3556094902cf5d03a4164a78ea8ba534", size = 1794803 },
    { url = "https://files.pythonhosted.org/packages/94/ba/a2f1dc3ff9ec57a148b7b592b4dc79911f0fdd255dc43d4913b78f1f4ccd/fable_library-5.0.0a17-pp311-pypy311_pp73-musllinux_1_2_aarch64.whl", hash = "sha256:1fab0292a45f998599dc6b8924fe3eac4518e4c78865707020bedd5fb56ac64b", size = 1863646 },
    { url = "https://files.pythonhosted.org/packages/cc/eb/8a69a6a0301a7b6786758c8fcf89a8327c844a02a294d3de0c42fa08a8c8/fable_library-5.0.0a17-pp311-pypy311_pp73-musllinux_1_2_armv7l.whl", hash = "sha256:adf6a428a1735f40143f0bbedc330d16527ca13d77e616921241cf423490e523", size = 1901927 },
    { url = "https://files.pythonhosted.org/packages/47/84/6a7db0520d9dda0ee4ba5268a48659becdd98430483ccefe2b3a0975cef8/fable_library-5.0.0a17-pp311-pypy311_pp73-musllinux_1_2_i686.whl", hash = "sha256:33025f243233a58c22a2345022cbf2e7a7a93efb67374c6d9c1bff14cb88aa5a", size = 1906779 },
    { url = "https://files.pythonhosted.org/packages/67/fb/3a3078baf1f6b55116e8cae5027b97498a4eb94943b74fa138b581fb67dd/fable_library-5.0.0a17-pp311-pypy311_pp73-musllinux_1_2_x86_64.whl", hash = "sha256:7c8b54a69b22f64835924fc9713485d418a96b50a61d59398e140a7f2d2bfc02", size = 1907641 },
]

[[package]]
name = "mypy-extensions"
version = "1.1.0"
source = { registry = "https://pypi.org/simple" }
sdist = { url = "https://files.pythonhosted.org/packages/a2/6e/371856a3fb9d31ca8dac321cda606860fa4548858c0cc45d9d1d4ca2628b/mypy_extensions-1.1.0.tar.gz", hash = "sha256:52e68efc3284861e772bbcd66823fde5ae21fd2fdb51c62a211403730b916558", size = 6343 }
wheels = [
    { url = "https://files.pythonhosted.org/packages/79/7b/2c79738432f5c924bef5071f933bcc9efd0473bac3b4aa584a6f7c1c8df8/mypy_extensions-1.1.0-py3-none-any.whl", hash = "sha256:1be4cccdb0f2482337c4743e60421de3a356cd97508abadd57d47403e94f5505", size = 4963 },
]

[[package]]
name = "packaging"
version = "25.0"
source = { registry = "https://pypi.org/simple" }
sdist = { url = "https://files.pythonhosted.org/packages/a1/d4/1fc4078c65507b51b96ca8f8c3ba19e6a61c8253c72794544580a7b6c24d/packaging-25.0.tar.gz", hash = "sha256:d443872c98d677bf60f6a1f2f8c1cb748e8fe762d2bf9d3148b5599295b0fc4f", size = 165727 }
wheels = [
    { url = "https://files.pythonhosted.org/packages/20/12/38679034af332785aac8774540895e234f4d07f7545804097de4b666afd8/packaging-25.0-py3-none-any.whl", hash = "sha256:29572ef2b1f17581046b3a2227d5c611fb25ec70ca1ba8554b24b0e69331a484", size = 66469 },
]

[[package]]
name = "pathspec"
version = "0.12.1"
source = { registry = "https://pypi.org/simple" }
sdist = { url = "https://files.pythonhosted.org/packages/ca/bc/f35b8446f4531a7cb215605d100cd88b7ac6f44ab3fc94870c120ab3adbf/pathspec-0.12.1.tar.gz", hash = "sha256:a482d51503a1ab33b1c67a6c3813a26953dbdc71c31dacaef9a838c4e29f5712", size = 51043 }
wheels = [
    { url = "https://files.pythonhosted.org/packages/cc/20/ff623b09d963f88bfde16306a54e12ee5ea43e9b597108672ff3a408aad6/pathspec-0.12.1-py3-none-any.whl", hash = "sha256:a0d503e138a4c123b27490a4f7beda6a01c6f288df0e4a8b79c7eb0dc7b4cc08", size = 31191 },
]

[[package]]
name = "platformdirs"
version = "4.3.8"
source = { registry = "https://pypi.org/simple" }
sdist = { url = "https://files.pythonhosted.org/packages/fe/8b/3c73abc9c759ecd3f1f7ceff6685840859e8070c4d947c93fae71f6a0bf2/platformdirs-4.3.8.tar.gz", hash = "sha256:3d512d96e16bcb959a814c9f348431070822a6496326a4be0911c40b5a74c2bc", size = 21362 }
wheels = [
    { url = "https://files.pythonhosted.org/packages/fe/39/979e8e21520d4e47a0bbe349e2713c0aac6f3d853d0e5b34d76206c439aa/platformdirs-4.3.8-py3-none-any.whl", hash = "sha256:ff7059bb7eb1179e2685604f4aaf157cfd9535242bd23742eadc3c13542139b4", size = 18567 },
]

[[package]]
name = "timeflies"
version = "0.1.0"
source = { virtual = "." }
dependencies = [
    { name = "fable-library" },
]

[package.dev-dependencies]
dev = [
    { name = "black" },
]

[package.metadata]
requires-dist = [{ name = "fable-library", specifier = "==5.0.0a17" }]

[package.metadata.requires-dev]
dev = [{ name = "black", specifier = ">=24.3.0" }]
